
Microsoft Visual Studio Solution File, Format Version 12.00
# Visual Studio Version 17
VisualStudioVersion = 17.14.36203.30
MinimumVisualStudioVersion = 10.0.40219.1
Project("{FAE04EC0-301F-11D3-BF4B-00C04F79EFBC}") = "Union_Formularios", "Union_Formularios\Union_Formularios.csproj", "{2CED8BEE-86E1-499D-A068-0B699623833B}"
EndProject
Project("{FAE04EC0-301F-11D3-BF4B-00C04F79EFBC}") = "Dominio", "Dominio\Dominio.csproj", "{A9C6598E-6762-452F-979E-0902C18391E7}"
EndProject
Project("{FAE04EC0-301F-11D3-BF4B-00C04F79EFBC}") = "Datos_Acceso", "Datos_Acceso\Datos_Acceso.csproj", "{C3AECF19-53B7-4A6B-A45D-0BAE78916ECF}"
EndProject
Project("{FAE04EC0-301F-11D3-BF4B-00C04F79EFBC}") = "Capa_Corte_Transversal", "Capa_Corte_Transversal\Capa_Corte_Transversal.csproj", "{1FBFAE07-D2CE-4B73-89F8-30D15E959681}"
EndProject
Global
	GlobalSection(SolutionConfigurationPlatforms) = preSolution
		Debug|Any CPU = Debug|Any CPU
		Release|Any CPU = Release|Any CPU
	EndGlobalSection
	GlobalSection(ProjectConfigurationPlatforms) = postSolution
		{2CED8BEE-86E1-499D-A068-0B699623833B}.Debug|Any CPU.ActiveCfg = Debug|Any CPU
		{2CED8BEE-86E1-499D-A068-0B699623833B}.Debug|Any CPU.Build.0 = Debug|Any CPU
		{2CED8BEE-86E1-499D-A068-0B699623833B}.Release|Any CPU.ActiveCfg = Release|Any CPU
		{2CED8BEE-86E1-499D-A068-0B699623833B}.Release|Any CPU.Build.0 = Release|Any CPU
		{A9C6598E-6762-452F-979E-0902C18391E7}.Debug|Any CPU.ActiveCfg = Debug|Any CPU
		{A9C6598E-6762-452F-979E-0902C18391E7}.Debug|Any CPU.Build.0 = Debug|Any CPU
		{A9C6598E-6762-452F-979E-0902C18391E7}.Release|Any CPU.ActiveCfg = Release|Any CPU
		{A9C6598E-6762-452F-979E-0902C18391E7}.Release|Any CPU.Build.0 = Release|Any CPU
		{C3AECF19-53B7-4A6B-A45D-0BAE78916ECF}.Debug|Any CPU.ActiveCfg = Debug|Any CPU
		{C3AECF19-53B7-4A6B-A45D-0BAE78916ECF}.Debug|Any CPU.Build.0 = Debug|Any CPU
		{C3AECF19-53B7-4A6B-A45D-0BAE78916ECF}.Release|Any CPU.ActiveCfg = Release|Any CPU
		{C3AECF19-53B7-4A6B-A45D-0BAE78916ECF}.Release|Any CPU.Build.0 = Release|Any CPU
		{1FBFAE07-D2CE-4B73-89F8-30D15E959681}.Debug|Any CPU.ActiveCfg = Debug|Any CPU
		{1FBFAE07-D2CE-4B73-89F8-30D15E959681}.Debug|Any CPU.Build.0 = Debug|Any CPU
		{1FBFAE07-D2CE-4B73-89F8-30D15E959681}.Release|Any CPU.ActiveCfg = Release|Any CPU
		{1FBFAE07-D2CE-4B73-89F8-30D15E959681}.Release|Any CPU.Build.0 = Release|Any CPU
	EndGlobalSection
	GlobalSection(SolutionProperties) = preSolution
		HideSolutionNode = FALSE
	EndGlobalSection
	GlobalSection(ExtensibilityGlobals) = postSolution
		SolutionGuid = {203BC2E4-CA02-4459-9A3F-F43FE1DA1472}
	EndGlobalSection
EndGlobal
